
Microsoft Visual Studio Solution File, Format Version 12.00
# Visual Studio Version 17
VisualStudioVersion = 17.14.36623.8
MinimumVisualStudioVersion = 10.0.40219.1
Project("{FAE04EC0-301F-11D3-BF4B-00C04F79EFBC}") = "Test.Api", "Test.Api\Test.Api.csproj", "{500D51F8-C4FC-4403-AD4B-72E0EC8AB317}"
EndProject
Project("{FAE04EC0-301F-11D3-BF4B-00C04F79EFBC}") = "RequestMonitoringLibrary", "RequestMonitoringLibrary\RequestMonitoringLibrary.csproj", "{FAC160DE-7CC2-4062-A115-920394858394}"
EndProject
Project("{FAE04EC0-301F-11D3-BF4B-00C04F79EFBC}") = "RequestMonitoringTests", "RequestMonitoringTests\RequestMonitoringTests.csproj", "{42F4883A-9CF4-4662-8B60-9F3BAAE01A34}"
EndProject
Global
	GlobalSection(SolutionConfigurationPlatforms) = preSolution
		Debug|Any CPU = Debug|Any CPU
		Release|Any CPU = Release|Any CPU
	EndGlobalSection
	GlobalSection(ProjectConfigurationPlatforms) = postSolution
		{500D51F8-C4FC-4403-AD4B-72E0EC8AB317}.Debug|Any CPU.ActiveCfg = Debug|Any CPU
		{500D51F8-C4FC-4403-AD4B-72E0EC8AB317}.Debug|Any CPU.Build.0 = Debug|Any CPU
		{500D51F8-C4FC-4403-AD4B-72E0EC8AB317}.Release|Any CPU.ActiveCfg = Release|Any CPU
		{500D51F8-C4FC-4403-AD4B-72E0EC8AB317}.Release|Any CPU.Build.0 = Release|Any CPU
		{FAC160DE-7CC2-4062-A115-920394858394}.Debug|Any CPU.ActiveCfg = Debug|Any CPU
		{FAC160DE-7CC2-4062-A115-920394858394}.Debug|Any CPU.Build.0 = Debug|Any CPU
		{FAC160DE-7CC2-4062-A115-920394858394}.Release|Any CPU.ActiveCfg = Release|Any CPU
		{FAC160DE-7CC2-4062-A115-920394858394}.Release|Any CPU.Build.0 = Release|Any CPU
		{42F4883A-9CF4-4662-8B60-9F3BAAE01A34}.Debug|Any CPU.ActiveCfg = Debug|Any CPU
		{42F4883A-9CF4-4662-8B60-9F3BAAE01A34}.Debug|Any CPU.Build.0 = Debug|Any CPU
		{42F4883A-9CF4-4662-8B60-9F3BAAE01A34}.Release|Any CPU.ActiveCfg = Release|Any CPU
		{42F4883A-9CF4-4662-8B60-9F3BAAE01A34}.Release|Any CPU.Build.0 = Release|Any CPU
	EndGlobalSection
	GlobalSection(SolutionProperties) = preSolution
		HideSolutionNode = FALSE
	EndGlobalSection
	GlobalSection(ExtensibilityGlobals) = postSolution
		SolutionGuid = {D1995E3C-D44E-4D35-8865-8A32951B9793}
	EndGlobalSection
EndGlobal
