
Microsoft Visual Studio Solution File, Format Version 12.00
# Visual Studio Version 17
VisualStudioVersion = 17.14.36623.8 d17.14
MinimumVisualStudioVersion = 10.0.40219.1
Project("{FAE04EC0-301F-11D3-BF4B-00C04F79EFBC}") = "RequestsMonitoringMiddleware", "RequestsMonitoringMiddleware\RequestsMonitoringMiddleware.csproj", "{BF472C37-6850-4DFC-A937-886946982FB6}"
EndProject
Project("{FAE04EC0-301F-11D3-BF4B-00C04F79EFBC}") = "RequestsMonitoringMiddleware.Domain", "RequestsMonitoringMiddleware.Domain\RequestsMonitoringMiddleware.Domain.csproj", "{B303749D-DD45-4FE1-8BAC-166C6B21E497}"
EndProject
Global
	GlobalSection(SolutionConfigurationPlatforms) = preSolution
		Debug|Any CPU = Debug|Any CPU
		Release|Any CPU = Release|Any CPU
	EndGlobalSection
	GlobalSection(ProjectConfigurationPlatforms) = postSolution
		{BF472C37-6850-4DFC-A937-886946982FB6}.Debug|Any CPU.ActiveCfg = Debug|Any CPU
		{BF472C37-6850-4DFC-A937-886946982FB6}.Debug|Any CPU.Build.0 = Debug|Any CPU
		{BF472C37-6850-4DFC-A937-886946982FB6}.Release|Any CPU.ActiveCfg = Release|Any CPU
		{BF472C37-6850-4DFC-A937-886946982FB6}.Release|Any CPU.Build.0 = Release|Any CPU
		{B303749D-DD45-4FE1-8BAC-166C6B21E497}.Debug|Any CPU.ActiveCfg = Debug|Any CPU
		{B303749D-DD45-4FE1-8BAC-166C6B21E497}.Debug|Any CPU.Build.0 = Debug|Any CPU
		{B303749D-DD45-4FE1-8BAC-166C6B21E497}.Release|Any CPU.ActiveCfg = Release|Any CPU
		{B303749D-DD45-4FE1-8BAC-166C6B21E497}.Release|Any CPU.Build.0 = Release|Any CPU
	EndGlobalSection
	GlobalSection(SolutionProperties) = preSolution
		HideSolutionNode = FALSE
	EndGlobalSection
	GlobalSection(ExtensibilityGlobals) = postSolution
		SolutionGuid = {D1995E3C-D44E-4D35-8865-8A32951B9793}
	EndGlobalSection
EndGlobal
